// !$*UTF8*$!
{
	archiveVersion = 1;
	classes = {
	};
	objectVersion = 51;
	objects = {

/* Begin PBXBuildFile section */
		545D4B1F66C5F6D75F505063 /* Pods_Todo_TodoUITests.framework in Frameworks */ = {isa = PBXBuildFile; fileRef = EC29901027CF7ABA92282EE2 /* Pods_Todo_TodoUITests.framework */; };
		9444EFAB25D3D124005E32BE /* AppDelegate.swift in Sources */ = {isa = PBXBuildFile; fileRef = 9444EFAA25D3D124005E32BE /* AppDelegate.swift */; };
		9444EFB425D3D128005E32BE /* Assets.xcassets in Resources */ = {isa = PBXBuildFile; fileRef = 9444EFB325D3D128005E32BE /* Assets.xcassets */; };
		9444EFB725D3D128005E32BE /* LaunchScreen.storyboard in Resources */ = {isa = PBXBuildFile; fileRef = 9444EFB525D3D128005E32BE /* LaunchScreen.storyboard */; };
		9444EFC225D3D128005E32BE /* TodoTests.swift in Sources */ = {isa = PBXBuildFile; fileRef = 9444EFC125D3D128005E32BE /* TodoTests.swift */; };
		9444EFCD25D3D128005E32BE /* TodoUITests.swift in Sources */ = {isa = PBXBuildFile; fileRef = 9444EFCC25D3D128005E32BE /* TodoUITests.swift */; };
		9444EFF525D40536005E32BE /* ViewController.swift in Sources */ = {isa = PBXBuildFile; fileRef = 9444EFF325D40536005E32BE /* ViewController.swift */; };
		9444EFF625D40536005E32BE /* ViewController.xib in Resources */ = {isa = PBXBuildFile; fileRef = 9444EFF425D40536005E32BE /* ViewController.xib */; };
		9444EFFC25D40725005E32BE /* TableViewCell.swift in Sources */ = {isa = PBXBuildFile; fileRef = 9444EFFA25D40725005E32BE /* TableViewCell.swift */; };
		9444EFFD25D40725005E32BE /* TableViewCell.xib in Resources */ = {isa = PBXBuildFile; fileRef = 9444EFFB25D40725005E32BE /* TableViewCell.xib */; };
		9444F00825D40960005E32BE /* AddViewController.swift in Sources */ = {isa = PBXBuildFile; fileRef = 9444F00625D40960005E32BE /* AddViewController.swift */; };
		9444F00925D40960005E32BE /* AddViewController.xib in Resources */ = {isa = PBXBuildFile; fileRef = 9444F00725D40960005E32BE /* AddViewController.xib */; };
		9444F00F25D409F5005E32BE /* DetailViewController.swift in Sources */ = {isa = PBXBuildFile; fileRef = 9444F00D25D409F5005E32BE /* DetailViewController.swift */; };
		9444F01025D409F5005E32BE /* DetailViewController.xib in Resources */ = {isa = PBXBuildFile; fileRef = 9444F00E25D409F5005E32BE /* DetailViewController.xib */; };
		9A2E4DDC0A380BDFEC8DB318 /* Pods_TodoTests.framework in Frameworks */ = {isa = PBXBuildFile; fileRef = 16086F14986CE8DA6D8C4892 /* Pods_TodoTests.framework */; };
		EB3447A0110A0AA900E092D9 /* Pods_Todo.framework in Frameworks */ = {isa = PBXBuildFile; fileRef = 0F5A509686B621262160D58C /* Pods_Todo.framework */; };
/* End PBXBuildFile section */

/* Begin PBXContainerItemProxy section */
		9444EFBE25D3D128005E32BE /* PBXContainerItemProxy */ = {
			isa = PBXContainerItemProxy;
			containerPortal = 9444EF9F25D3D124005E32BE /* Project object */;
			proxyType = 1;
			remoteGlobalIDString = 9444EFA625D3D124005E32BE;
			remoteInfo = Todo;
		};
		9444EFC925D3D128005E32BE /* PBXContainerItemProxy */ = {
			isa = PBXContainerItemProxy;
			containerPortal = 9444EF9F25D3D124005E32BE /* Project object */;
			proxyType = 1;
			remoteGlobalIDString = 9444EFA625D3D124005E32BE;
			remoteInfo = Todo;
		};
/* End PBXContainerItemProxy section */

/* Begin PBXFileReference section */
		0F5A509686B621262160D58C /* Pods_Todo.framework */ = {isa = PBXFileReference; explicitFileType = wrapper.framework; includeInIndex = 0; path = Pods_Todo.framework; sourceTree = BUILT_PRODUCTS_DIR; };
		16086F14986CE8DA6D8C4892 /* Pods_TodoTests.framework */ = {isa = PBXFileReference; explicitFileType = wrapper.framework; includeInIndex = 0; path = Pods_TodoTests.framework; sourceTree = BUILT_PRODUCTS_DIR; };
		46ADEEEDC5E8F575770662B2 /* Pods-TodoTests.debug.xcconfig */ = {isa = PBXFileReference; includeInIndex = 1; lastKnownFileType = text.xcconfig; name = "Pods-TodoTests.debug.xcconfig"; path = "Target Support Files/Pods-TodoTests/Pods-TodoTests.debug.xcconfig"; sourceTree = "<group>"; };
		67176C294334F6619356E439 /* Pods-TodoTests.release.xcconfig */ = {isa = PBXFileReference; includeInIndex = 1; lastKnownFileType = text.xcconfig; name = "Pods-TodoTests.release.xcconfig"; path = "Target Support Files/Pods-TodoTests/Pods-TodoTests.release.xcconfig"; sourceTree = "<group>"; };
		8C2FB5EB25548E67AC6CDC98 /* Pods-Todo-TodoUITests.debug.xcconfig */ = {isa = PBXFileReference; includeInIndex = 1; lastKnownFileType = text.xcconfig; name = "Pods-Todo-TodoUITests.debug.xcconfig"; path = "Target Support Files/Pods-Todo-TodoUITests/Pods-Todo-TodoUITests.debug.xcconfig"; sourceTree = "<group>"; };
		9444EFA725D3D124005E32BE /* Todo.app */ = {isa = PBXFileReference; explicitFileType = wrapper.application; includeInIndex = 0; path = Todo.app; sourceTree = BUILT_PRODUCTS_DIR; };
		9444EFAA25D3D124005E32BE /* AppDelegate.swift */ = {isa = PBXFileReference; lastKnownFileType = sourcecode.swift; path = AppDelegate.swift; sourceTree = "<group>"; };
		9444EFB325D3D128005E32BE /* Assets.xcassets */ = {isa = PBXFileReference; lastKnownFileType = folder.assetcatalog; path = Assets.xcassets; sourceTree = "<group>"; };
		9444EFB625D3D128005E32BE /* Base */ = {isa = PBXFileReference; lastKnownFileType = file.storyboard; name = Base; path = Base.lproj/LaunchScreen.storyboard; sourceTree = "<group>"; };
		9444EFB825D3D128005E32BE /* Info.plist */ = {isa = PBXFileReference; lastKnownFileType = text.plist.xml; path = Info.plist; sourceTree = "<group>"; };
		9444EFBD25D3D128005E32BE /* TodoTests.xctest */ = {isa = PBXFileReference; explicitFileType = wrapper.cfbundle; includeInIndex = 0; path = TodoTests.xctest; sourceTree = BUILT_PRODUCTS_DIR; };
		9444EFC125D3D128005E32BE /* TodoTests.swift */ = {isa = PBXFileReference; lastKnownFileType = sourcecode.swift; path = TodoTests.swift; sourceTree = "<group>"; };
		9444EFC325D3D128005E32BE /* Info.plist */ = {isa = PBXFileReference; lastKnownFileType = text.plist.xml; path = Info.plist; sourceTree = "<group>"; };
		9444EFC825D3D128005E32BE /* TodoUITests.xctest */ = {isa = PBXFileReference; explicitFileType = wrapper.cfbundle; includeInIndex = 0; path = TodoUITests.xctest; sourceTree = BUILT_PRODUCTS_DIR; };
		9444EFCC25D3D128005E32BE /* TodoUITests.swift */ = {isa = PBXFileReference; lastKnownFileType = sourcecode.swift; path = TodoUITests.swift; sourceTree = "<group>"; };
		9444EFCE25D3D128005E32BE /* Info.plist */ = {isa = PBXFileReference; lastKnownFileType = text.plist.xml; path = Info.plist; sourceTree = "<group>"; };
		9444EFF325D40536005E32BE /* ViewController.swift */ = {isa = PBXFileReference; lastKnownFileType = sourcecode.swift; path = ViewController.swift; sourceTree = "<group>"; };
		9444EFF425D40536005E32BE /* ViewController.xib */ = {isa = PBXFileReference; lastKnownFileType = file.xib; path = ViewController.xib; sourceTree = "<group>"; };
		9444EFFA25D40725005E32BE /* TableViewCell.swift */ = {isa = PBXFileReference; lastKnownFileType = sourcecode.swift; path = TableViewCell.swift; sourceTree = "<group>"; };
		9444EFFB25D40725005E32BE /* TableViewCell.xib */ = {isa = PBXFileReference; lastKnownFileType = file.xib; path = TableViewCell.xib; sourceTree = "<group>"; };
		9444F00625D40960005E32BE /* AddViewController.swift */ = {isa = PBXFileReference; lastKnownFileType = sourcecode.swift; path = AddViewController.swift; sourceTree = "<group>"; };
		9444F00725D40960005E32BE /* AddViewController.xib */ = {isa = PBXFileReference; lastKnownFileType = file.xib; path = AddViewController.xib; sourceTree = "<group>"; };
		9444F00D25D409F5005E32BE /* DetailViewController.swift */ = {isa = PBXFileReference; lastKnownFileType = sourcecode.swift; path = DetailViewController.swift; sourceTree = "<group>"; };
		9444F00E25D409F5005E32BE /* DetailViewController.xib */ = {isa = PBXFileReference; lastKnownFileType = file.xib; path = DetailViewController.xib; sourceTree = "<group>"; };
		97E03F2F1E85DF4CA15707EA /* Pods-Todo.release.xcconfig */ = {isa = PBXFileReference; includeInIndex = 1; lastKnownFileType = text.xcconfig; name = "Pods-Todo.release.xcconfig"; path = "Target Support Files/Pods-Todo/Pods-Todo.release.xcconfig"; sourceTree = "<group>"; };
		B51E75F0C9811CAF68382C20 /* Pods-Todo.debug.xcconfig */ = {isa = PBXFileReference; includeInIndex = 1; lastKnownFileType = text.xcconfig; name = "Pods-Todo.debug.xcconfig"; path = "Target Support Files/Pods-Todo/Pods-Todo.debug.xcconfig"; sourceTree = "<group>"; };
		BD6BB526FDDA19E48721F7BD /* Pods-Todo-TodoUITests.release.xcconfig */ = {isa = PBXFileReference; includeInIndex = 1; lastKnownFileType = text.xcconfig; name = "Pods-Todo-TodoUITests.release.xcconfig"; path = "Target Support Files/Pods-Todo-TodoUITests/Pods-Todo-TodoUITests.release.xcconfig"; sourceTree = "<group>"; };
		EC29901027CF7ABA92282EE2 /* Pods_Todo_TodoUITests.framework */ = {isa = PBXFileReference; explicitFileType = wrapper.framework; includeInIndex = 0; path = Pods_Todo_TodoUITests.framework; sourceTree = BUILT_PRODUCTS_DIR; };
/* End PBXFileReference section */

/* Begin PBXFrameworksBuildPhase section */
		9444EFA425D3D124005E32BE /* Frameworks */ = {
			isa = PBXFrameworksBuildPhase;
			buildActionMask = 2147483647;
			files = (
				EB3447A0110A0AA900E092D9 /* Pods_Todo.framework in Frameworks */,
			);
			runOnlyForDeploymentPostprocessing = 0;
		};
		9444EFBA25D3D128005E32BE /* Frameworks */ = {
			isa = PBXFrameworksBuildPhase;
			buildActionMask = 2147483647;
			files = (
				9A2E4DDC0A380BDFEC8DB318 /* Pods_TodoTests.framework in Frameworks */,
			);
			runOnlyForDeploymentPostprocessing = 0;
		};
		9444EFC525D3D128005E32BE /* Frameworks */ = {
			isa = PBXFrameworksBuildPhase;
			buildActionMask = 2147483647;
			files = (
				545D4B1F66C5F6D75F505063 /* Pods_Todo_TodoUITests.framework in Frameworks */,
			);
			runOnlyForDeploymentPostprocessing = 0;
		};
/* End PBXFrameworksBuildPhase section */

/* Begin PBXGroup section */
		0899F1FE3282EB671FAFE1CD /* Frameworks */ = {
			isa = PBXGroup;
			children = (
				0F5A509686B621262160D58C /* Pods_Todo.framework */,
				EC29901027CF7ABA92282EE2 /* Pods_Todo_TodoUITests.framework */,
				16086F14986CE8DA6D8C4892 /* Pods_TodoTests.framework */,
			);
			name = Frameworks;
			sourceTree = "<group>";
		};
		624F4D6CD8199E1F1F86177C /* Pods */ = {
			isa = PBXGroup;
			children = (
				B51E75F0C9811CAF68382C20 /* Pods-Todo.debug.xcconfig */,
				97E03F2F1E85DF4CA15707EA /* Pods-Todo.release.xcconfig */,
				8C2FB5EB25548E67AC6CDC98 /* Pods-Todo-TodoUITests.debug.xcconfig */,
				BD6BB526FDDA19E48721F7BD /* Pods-Todo-TodoUITests.release.xcconfig */,
				46ADEEEDC5E8F575770662B2 /* Pods-TodoTests.debug.xcconfig */,
				67176C294334F6619356E439 /* Pods-TodoTests.release.xcconfig */,
			);
			path = Pods;
			sourceTree = "<group>";
		};
		9444EF9E25D3D124005E32BE = {
			isa = PBXGroup;
			children = (
				9444EFA925D3D124005E32BE /* Todo */,
				9444EFC025D3D128005E32BE /* TodoTests */,
				9444EFCB25D3D128005E32BE /* TodoUITests */,
				9444EFA825D3D124005E32BE /* Products */,
				624F4D6CD8199E1F1F86177C /* Pods */,
				0899F1FE3282EB671FAFE1CD /* Frameworks */,
			);
			sourceTree = "<group>";
		};
		9444EFA825D3D124005E32BE /* Products */ = {
			isa = PBXGroup;
			children = (
				9444EFA725D3D124005E32BE /* Todo.app */,
				9444EFBD25D3D128005E32BE /* TodoTests.xctest */,
				9444EFC825D3D128005E32BE /* TodoUITests.xctest */,
			);
			name = Products;
			sourceTree = "<group>";
		};
		9444EFA925D3D124005E32BE /* Todo */ = {
			isa = PBXGroup;
			children = (
				9444EFAA25D3D124005E32BE /* AppDelegate.swift */,
				9444EFB325D3D128005E32BE /* Assets.xcassets */,
				9444EFB525D3D128005E32BE /* LaunchScreen.storyboard */,
				9444EFB825D3D128005E32BE /* Info.plist */,
				9444EFF325D40536005E32BE /* ViewController.swift */,
				9444EFF425D40536005E32BE /* ViewController.xib */,
				9444EFFA25D40725005E32BE /* TableViewCell.swift */,
				9444EFFB25D40725005E32BE /* TableViewCell.xib */,
				9444F00625D40960005E32BE /* AddViewController.swift */,
				9444F00725D40960005E32BE /* AddViewController.xib */,
				9444F00D25D409F5005E32BE /* DetailViewController.swift */,
				9444F00E25D409F5005E32BE /* DetailViewController.xib */,
			);
			path = Todo;
			sourceTree = "<group>";
		};
		9444EFC025D3D128005E32BE /* TodoTests */ = {
			isa = PBXGroup;
			children = (
				9444EFC125D3D128005E32BE /* TodoTests.swift */,
				9444EFC325D3D128005E32BE /* Info.plist */,
			);
			path = TodoTests;
			sourceTree = "<group>";
		};
		9444EFCB25D3D128005E32BE /* TodoUITests */ = {
			isa = PBXGroup;
			children = (
				9444EFCC25D3D128005E32BE /* TodoUITests.swift */,
				9444EFCE25D3D128005E32BE /* Info.plist */,
			);
			path = TodoUITests;
			sourceTree = "<group>";
		};
/* End PBXGroup section */

/* Begin PBXNativeTarget section */
		9444EFA625D3D124005E32BE /* Todo */ = {
			isa = PBXNativeTarget;
			buildConfigurationList = 9444EFD125D3D128005E32BE /* Build configuration list for PBXNativeTarget "Todo" */;
			buildPhases = (
				C7FE619DCC565C26B50121D1 /* [CP] Check Pods Manifest.lock */,
				9444EFA325D3D124005E32BE /* Sources */,
				9444EFA425D3D124005E32BE /* Frameworks */,
				9444EFA525D3D124005E32BE /* Resources */,
				9A4C89FAB96C443CB3DC566D /* [CP] Embed Pods Frameworks */,
			);
			buildRules = (
			);
			dependencies = (
			);
			name = Todo;
			productName = Todo;
			productReference = 9444EFA725D3D124005E32BE /* Todo.app */;
			productType = "com.apple.product-type.application";
		};
		9444EFBC25D3D128005E32BE /* TodoTests */ = {
			isa = PBXNativeTarget;
			buildConfigurationList = 9444EFD425D3D128005E32BE /* Build configuration list for PBXNativeTarget "TodoTests" */;
			buildPhases = (
				DC5FBC17519ED45B7A1B8509 /* [CP] Check Pods Manifest.lock */,
				9444EFB925D3D128005E32BE /* Sources */,
				9444EFBA25D3D128005E32BE /* Frameworks */,
				9444EFBB25D3D128005E32BE /* Resources */,
			);
			buildRules = (
			);
			dependencies = (
				9444EFBF25D3D128005E32BE /* PBXTargetDependency */,
			);
			name = TodoTests;
			productName = TodoTests;
			productReference = 9444EFBD25D3D128005E32BE /* TodoTests.xctest */;
			productType = "com.apple.product-type.bundle.unit-test";
		};
		9444EFC725D3D128005E32BE /* TodoUITests */ = {
			isa = PBXNativeTarget;
			buildConfigurationList = 9444EFD725D3D128005E32BE /* Build configuration list for PBXNativeTarget "TodoUITests" */;
			buildPhases = (
				8535C45DF8DC876CE10D8A89 /* [CP] Check Pods Manifest.lock */,
				9444EFC425D3D128005E32BE /* Sources */,
				9444EFC525D3D128005E32BE /* Frameworks */,
				9444EFC625D3D128005E32BE /* Resources */,
				BB96A93D152605937D7BD722 /* [CP] Embed Pods Frameworks */,
			);
			buildRules = (
			);
			dependencies = (
				9444EFCA25D3D128005E32BE /* PBXTargetDependency */,
			);
			name = TodoUITests;
			productName = TodoUITests;
			productReference = 9444EFC825D3D128005E32BE /* TodoUITests.xctest */;
			productType = "com.apple.product-type.bundle.ui-testing";
		};
/* End PBXNativeTarget section */

/* Begin PBXProject section */
		9444EF9F25D3D124005E32BE /* Project object */ = {
			isa = PBXProject;
			attributes = {
				LastSwiftUpdateCheck = 1240;
				LastUpgradeCheck = 1240;
				TargetAttributes = {
					9444EFA625D3D124005E32BE = {
						CreatedOnToolsVersion = 12.4;
					};
					9444EFBC25D3D128005E32BE = {
						CreatedOnToolsVersion = 12.4;
						TestTargetID = 9444EFA625D3D124005E32BE;
					};
					9444EFC725D3D128005E32BE = {
						CreatedOnToolsVersion = 12.4;
						TestTargetID = 9444EFA625D3D124005E32BE;
					};
				};
			};
			buildConfigurationList = 9444EFA225D3D124005E32BE /* Build configuration list for PBXProject "Todo" */;
			compatibilityVersion = "Xcode 9.3";
			developmentRegion = en;
			hasScannedForEncodings = 0;
			knownRegions = (
				en,
				Base,
			);
			mainGroup = 9444EF9E25D3D124005E32BE;
			productRefGroup = 9444EFA825D3D124005E32BE /* Products */;
			projectDirPath = "";
			projectRoot = "";
			targets = (
				9444EFA625D3D124005E32BE /* Todo */,
				9444EFBC25D3D128005E32BE /* TodoTests */,
				9444EFC725D3D128005E32BE /* TodoUITests */,
			);
		};
/* End PBXProject section */

/* Begin PBXResourcesBuildPhase section */
		9444EFA525D3D124005E32BE /* Resources */ = {
			isa = PBXResourcesBuildPhase;
			buildActionMask = 2147483647;
			files = (
				9444F00925D40960005E32BE /* AddViewController.xib in Resources */,
				9444EFB725D3D128005E32BE /* LaunchScreen.storyboard in Resources */,
				9444F01025D409F5005E32BE /* DetailViewController.xib in Resources */,
				9444EFFD25D40725005E32BE /* TableViewCell.xib in Resources */,
				9444EFF625D40536005E32BE /* ViewController.xib in Resources */,
				9444EFB425D3D128005E32BE /* Assets.xcassets in Resources */,
			);
			runOnlyForDeploymentPostprocessing = 0;
		};
		9444EFBB25D3D128005E32BE /* Resources */ = {
			isa = PBXResourcesBuildPhase;
			buildActionMask = 2147483647;
			files = (
			);
			runOnlyForDeploymentPostprocessing = 0;
		};
		9444EFC625D3D128005E32BE /* Resources */ = {
			isa = PBXResourcesBuildPhase;
			buildActionMask = 2147483647;
			files = (
			);
			runOnlyForDeploymentPostprocessing = 0;
		};
/* End PBXResourcesBuildPhase section */

/* Begin PBXShellScriptBuildPhase section */
		8535C45DF8DC876CE10D8A89 /* [CP] Check Pods Manifest.lock */ = {
			isa = PBXShellScriptBuildPhase;
			buildActionMask = 2147483647;
			files = (
			);
			inputFileListPaths = (
			);
			inputPaths = (
				"${PODS_PODFILE_DIR_PATH}/Podfile.lock",
				"${PODS_ROOT}/Manifest.lock",
			);
			name = "[CP] Check Pods Manifest.lock";
			outputFileListPaths = (
			);
			outputPaths = (
				"$(DERIVED_FILE_DIR)/Pods-Todo-TodoUITests-checkManifestLockResult.txt",
			);
			runOnlyForDeploymentPostprocessing = 0;
			shellPath = /bin/sh;
			shellScript = "diff \"${PODS_PODFILE_DIR_PATH}/Podfile.lock\" \"${PODS_ROOT}/Manifest.lock\" > /dev/null\nif [ $? != 0 ] ; then\n    # print error to STDERR\n    echo \"error: The sandbox is not in sync with the Podfile.lock. Run 'pod install' or update your CocoaPods installation.\" >&2\n    exit 1\nfi\n# This output is used by Xcode 'outputs' to avoid re-running this script phase.\necho \"SUCCESS\" > \"${SCRIPT_OUTPUT_FILE_0}\"\n";
			showEnvVarsInLog = 0;
		};
		9A4C89FAB96C443CB3DC566D /* [CP] Embed Pods Frameworks */ = {
			isa = PBXShellScriptBuildPhase;
			buildActionMask = 2147483647;
			files = (
			);
			inputFileListPaths = (
				"${PODS_ROOT}/Target Support Files/Pods-Todo/Pods-Todo-frameworks-${CONFIGURATION}-input-files.xcfilelist",
			);
			name = "[CP] Embed Pods Frameworks";
			outputFileListPaths = (
				"${PODS_ROOT}/Target Support Files/Pods-Todo/Pods-Todo-frameworks-${CONFIGURATION}-output-files.xcfilelist",
			);
			runOnlyForDeploymentPostprocessing = 0;
			shellPath = /bin/sh;
			shellScript = "\"${PODS_ROOT}/Target Support Files/Pods-Todo/Pods-Todo-frameworks.sh\"\n";
			showEnvVarsInLog = 0;
		};
		BB96A93D152605937D7BD722 /* [CP] Embed Pods Frameworks */ = {
			isa = PBXShellScriptBuildPhase;
			buildActionMask = 2147483647;
			files = (
			);
			inputFileListPaths = (
				"${PODS_ROOT}/Target Support Files/Pods-Todo-TodoUITests/Pods-Todo-TodoUITests-frameworks-${CONFIGURATION}-input-files.xcfilelist",
			);
			name = "[CP] Embed Pods Frameworks";
			outputFileListPaths = (
				"${PODS_ROOT}/Target Support Files/Pods-Todo-TodoUITests/Pods-Todo-TodoUITests-frameworks-${CONFIGURATION}-output-files.xcfilelist",
			);
			runOnlyForDeploymentPostprocessing = 0;
			shellPath = /bin/sh;
			shellScript = "\"${PODS_ROOT}/Target Support Files/Pods-Todo-TodoUITests/Pods-Todo-TodoUITests-frameworks.sh\"\n";
			showEnvVarsInLog = 0;
		};
		C7FE619DCC565C26B50121D1 /* [CP] Check Pods Manifest.lock */ = {
			isa = PBXShellScriptBuildPhase;
			buildActionMask = 2147483647;
			files = (
			);
			inputFileListPaths = (
			);
			inputPaths = (
				"${PODS_PODFILE_DIR_PATH}/Podfile.lock",
				"${PODS_ROOT}/Manifest.lock",
			);
			name = "[CP] Check Pods Manifest.lock";
			outputFileListPaths = (
			);
			outputPaths = (
				"$(DERIVED_FILE_DIR)/Pods-Todo-checkManifestLockResult.txt",
			);
			runOnlyForDeploymentPostprocessing = 0;
			shellPath = /bin/sh;
			shellScript = "diff \"${PODS_PODFILE_DIR_PATH}/Podfile.lock\" \"${PODS_ROOT}/Manifest.lock\" > /dev/null\nif [ $? != 0 ] ; then\n    # print error to STDERR\n    echo \"error: The sandbox is not in sync with the Podfile.lock. Run 'pod install' or update your CocoaPods installation.\" >&2\n    exit 1\nfi\n# This output is used by Xcode 'outputs' to avoid re-running this script phase.\necho \"SUCCESS\" > \"${SCRIPT_OUTPUT_FILE_0}\"\n";
			showEnvVarsInLog = 0;
		};
		DC5FBC17519ED45B7A1B8509 /* [CP] Check Pods Manifest.lock */ = {
			isa = PBXShellScriptBuildPhase;
			buildActionMask = 2147483647;
			files = (
			);
			inputFileListPaths = (
			);
			inputPaths = (
				"${PODS_PODFILE_DIR_PATH}/Podfile.lock",
				"${PODS_ROOT}/Manifest.lock",
			);
			name = "[CP] Check Pods Manifest.lock";
			outputFileListPaths = (
			);
			outputPaths = (
				"$(DERIVED_FILE_DIR)/Pods-TodoTests-checkManifestLockResult.txt",
			);
			runOnlyForDeploymentPostprocessing = 0;
			shellPath = /bin/sh;
			shellScript = "diff \"${PODS_PODFILE_DIR_PATH}/Podfile.lock\" \"${PODS_ROOT}/Manifest.lock\" > /dev/null\nif [ $? != 0 ] ; then\n    # print error to STDERR\n    echo \"error: The sandbox is not in sync with the Podfile.lock. Run 'pod install' or update your CocoaPods installation.\" >&2\n    exit 1\nfi\n# This output is used by Xcode 'outputs' to avoid re-running this script phase.\necho \"SUCCESS\" > \"${SCRIPT_OUTPUT_FILE_0}\"\n";
			showEnvVarsInLog = 0;
		};
/* End PBXShellScriptBuildPhase section */

/* Begin PBXSourcesBuildPhase section */
		9444EFA325D3D124005E32BE /* Sources */ = {
			isa = PBXSourcesBuildPhase;
			buildActionMask = 2147483647;
			files = (
				9444EFFC25D40725005E32BE /* TableViewCell.swift in Sources */,
				9444EFF525D40536005E32BE /* ViewController.swift in Sources */,
				9444F00F25D409F5005E32BE /* DetailViewController.swift in Sources */,
				9444F00825D40960005E32BE /* AddViewController.swift in Sources */,
				9444EFAB25D3D124005E32BE /* AppDelegate.swift in Sources */,
			);
			runOnlyForDeploymentPostprocessing = 0;
		};
		9444EFB925D3D128005E32BE /* Sources */ = {
			isa = PBXSourcesBuildPhase;
			buildActionMask = 2147483647;
			files = (
				9444EFC225D3D128005E32BE /* TodoTests.swift in Sources */,
			);
			runOnlyForDeploymentPostprocessing = 0;
		};
		9444EFC425D3D128005E32BE /* Sources */ = {
			isa = PBXSourcesBuildPhase;
			buildActionMask = 2147483647;
			files = (
				9444EFCD25D3D128005E32BE /* TodoUITests.swift in Sources */,
			);
			runOnlyForDeploymentPostprocessing = 0;
		};
/* End PBXSourcesBuildPhase section */

/* Begin PBXTargetDependency section */
		9444EFBF25D3D128005E32BE /* PBXTargetDependency */ = {
			isa = PBXTargetDependency;
			target = 9444EFA625D3D124005E32BE /* Todo */;
			targetProxy = 9444EFBE25D3D128005E32BE /* PBXContainerItemProxy */;
		};
		9444EFCA25D3D128005E32BE /* PBXTargetDependency */ = {
			isa = PBXTargetDependency;
			target = 9444EFA625D3D124005E32BE /* Todo */;
			targetProxy = 9444EFC925D3D128005E32BE /* PBXContainerItemProxy */;
		};
/* End PBXTargetDependency section */

/* Begin PBXVariantGroup section */
		9444EFB525D3D128005E32BE /* LaunchScreen.storyboard */ = {
			isa = PBXVariantGroup;
			children = (
				9444EFB625D3D128005E32BE /* Base */,
			);
			name = LaunchScreen.storyboard;
			sourceTree = "<group>";
		};
/* End PBXVariantGroup section */

/* Begin XCBuildConfiguration section */
		9444EFCF25D3D128005E32BE /* Debug */ = {
			isa = XCBuildConfiguration;
			buildSettings = {
				ALWAYS_SEARCH_USER_PATHS = NO;
				CLANG_ANALYZER_NONNULL = YES;
				CLANG_ANALYZER_NUMBER_OBJECT_CONVERSION = YES_AGGRESSIVE;
				CLANG_CXX_LANGUAGE_STANDARD = "gnu++14";
				CLANG_CXX_LIBRARY = "libc++";
				CLANG_ENABLE_MODULES = YES;
				CLANG_ENABLE_OBJC_ARC = YES;
				CLANG_ENABLE_OBJC_WEAK = YES;
				CLANG_WARN_BLOCK_CAPTURE_AUTORELEASING = YES;
				CLANG_WARN_BOOL_CONVERSION = YES;
				CLANG_WARN_COMMA = YES;
				CLANG_WARN_CONSTANT_CONVERSION = YES;
				CLANG_WARN_DEPRECATED_OBJC_IMPLEMENTATIONS = YES;
				CLANG_WARN_DIRECT_OBJC_ISA_USAGE = YES_ERROR;
				CLANG_WARN_DOCUMENTATION_COMMENTS = YES;
				CLANG_WARN_EMPTY_BODY = YES;
				CLANG_WARN_ENUM_CONVERSION = YES;
				CLANG_WARN_INFINITE_RECURSION = YES;
				CLANG_WARN_INT_CONVERSION = YES;
				CLANG_WARN_NON_LITERAL_NULL_CONVERSION = YES;
				CLANG_WARN_OBJC_IMPLICIT_RETAIN_SELF = YES;
				CLANG_WARN_OBJC_LITERAL_CONVERSION = YES;
				CLANG_WARN_OBJC_ROOT_CLASS = YES_ERROR;
				CLANG_WARN_QUOTED_INCLUDE_IN_FRAMEWORK_HEADER = YES;
				CLANG_WARN_RANGE_LOOP_ANALYSIS = YES;
				CLANG_WARN_STRICT_PROTOTYPES = YES;
				CLANG_WARN_SUSPICIOUS_MOVE = YES;
				CLANG_WARN_UNGUARDED_AVAILABILITY = YES_AGGRESSIVE;
				CLANG_WARN_UNREACHABLE_CODE = YES;
				CLANG_WARN__DUPLICATE_METHOD_MATCH = YES;
				COPY_PHASE_STRIP = NO;
				DEBUG_INFORMATION_FORMAT = dwarf;
				ENABLE_STRICT_OBJC_MSGSEND = YES;
				ENABLE_TESTABILITY = YES;
				GCC_C_LANGUAGE_STANDARD = gnu11;
				GCC_DYNAMIC_NO_PIC = NO;
				GCC_NO_COMMON_BLOCKS = YES;
				GCC_OPTIMIZATION_LEVEL = 0;
				GCC_PREPROCESSOR_DEFINITIONS = (
					"DEBUG=1",
					"$(inherited)",
				);
				GCC_WARN_64_TO_32_BIT_CONVERSION = YES;
				GCC_WARN_ABOUT_RETURN_TYPE = YES_ERROR;
				GCC_WARN_UNDECLARED_SELECTOR = YES;
				GCC_WARN_UNINITIALIZED_AUTOS = YES_AGGRESSIVE;
				GCC_WARN_UNUSED_FUNCTION = YES;
				GCC_WARN_UNUSED_VARIABLE = YES;
				IPHONEOS_DEPLOYMENT_TARGET = 14.4;
				MTL_ENABLE_DEBUG_INFO = INCLUDE_SOURCE;
				MTL_FAST_MATH = YES;
				ONLY_ACTIVE_ARCH = YES;
				SDKROOT = iphoneos;
				SWIFT_ACTIVE_COMPILATION_CONDITIONS = DEBUG;
				SWIFT_OPTIMIZATION_LEVEL = "-Onone";
			};
			name = Debug;
		};
		9444EFD025D3D128005E32BE /* Release */ = {
			isa = XCBuildConfiguration;
			buildSettings = {
				ALWAYS_SEARCH_USER_PATHS = NO;
				CLANG_ANALYZER_NONNULL = YES;
				CLANG_ANALYZER_NUMBER_OBJECT_CONVERSION = YES_AGGRESSIVE;
				CLANG_CXX_LANGUAGE_STANDARD = "gnu++14";
				CLANG_CXX_LIBRARY = "libc++";
				CLANG_ENABLE_MODULES = YES;
				CLANG_ENABLE_OBJC_ARC = YES;
				CLANG_ENABLE_OBJC_WEAK = YES;
				CLANG_WARN_BLOCK_CAPTURE_AUTORELEASING = YES;
				CLANG_WARN_BOOL_CONVERSION = YES;
				CLANG_WARN_COMMA = YES;
				CLANG_WARN_CONSTANT_CONVERSION = YES;
				CLANG_WARN_DEPRECATED_OBJC_IMPLEMENTATIONS = YES;
				CLANG_WARN_DIRECT_OBJC_ISA_USAGE = YES_ERROR;
				CLANG_WARN_DOCUMENTATION_COMMENTS = YES;
				CLANG_WARN_EMPTY_BODY = YES;
				CLANG_WARN_ENUM_CONVERSION = YES;
				CLANG_WARN_INFINITE_RECURSION = YES;
				CLANG_WARN_INT_CONVERSION = YES;
				CLANG_WARN_NON_LITERAL_NULL_CONVERSION = YES;
				CLANG_WARN_OBJC_IMPLICIT_RETAIN_SELF = YES;
				CLANG_WARN_OBJC_LITERAL_CONVERSION = YES;
				CLANG_WARN_OBJC_ROOT_CLASS = YES_ERROR;
				CLANG_WARN_QUOTED_INCLUDE_IN_FRAMEWORK_HEADER = YES;
				CLANG_WARN_RANGE_LOOP_ANALYSIS = YES;
				CLANG_WARN_STRICT_PROTOTYPES = YES;
				CLANG_WARN_SUSPICIOUS_MOVE = YES;
				CLANG_WARN_UNGUARDED_AVAILABILITY = YES_AGGRESSIVE;
				CLANG_WARN_UNREACHABLE_CODE = YES;
				CLANG_WARN__DUPLICATE_METHOD_MATCH = YES;
				COPY_PHASE_STRIP = NO;
				DEBUG_INFORMATION_FORMAT = "dwarf-with-dsym";
				ENABLE_NS_ASSERTIONS = NO;
				ENABLE_STRICT_OBJC_MSGSEND = YES;
				GCC_C_LANGUAGE_STANDARD = gnu11;
				GCC_NO_COMMON_BLOCKS = YES;
				GCC_WARN_64_TO_32_BIT_CONVERSION = YES;
				GCC_WARN_ABOUT_RETURN_TYPE = YES_ERROR;
				GCC_WARN_UNDECLARED_SELECTOR = YES;
				GCC_WARN_UNINITIALIZED_AUTOS = YES_AGGRESSIVE;
				GCC_WARN_UNUSED_FUNCTION = YES;
				GCC_WARN_UNUSED_VARIABLE = YES;
				IPHONEOS_DEPLOYMENT_TARGET = 14.4;
				MTL_ENABLE_DEBUG_INFO = NO;
				MTL_FAST_MATH = YES;
				SDKROOT = iphoneos;
				SWIFT_COMPILATION_MODE = wholemodule;
				SWIFT_OPTIMIZATION_LEVEL = "-O";
				VALIDATE_PRODUCT = YES;
			};
			name = Release;
		};
		9444EFD225D3D128005E32BE /* Debug */ = {
			isa = XCBuildConfiguration;
			baseConfigurationReference = B51E75F0C9811CAF68382C20 /* Pods-Todo.debug.xcconfig */;
			buildSettings = {
				ASSETCATALOG_COMPILER_APPICON_NAME = AppIcon;
				ASSETCATALOG_COMPILER_GLOBAL_ACCENT_COLOR_NAME = AccentColor;
				CODE_SIGN_STYLE = Automatic;
				DEVELOPMENT_TEAM = 4225JQURU5;
				INFOPLIST_FILE = Todo/Info.plist;
				LD_RUNPATH_SEARCH_PATHS = (
					"$(inherited)",
					"@executable_path/Frameworks",
				);
				PRODUCT_BUNDLE_IDENTIFIER = kuwahara.Todo;
				PRODUCT_NAME = "$(TARGET_NAME)";
				SWIFT_VERSION = 5.0;
				TARGETED_DEVICE_FAMILY = 1;
			};
			name = Debug;
		};
		9444EFD325D3D128005E32BE /* Release */ = {
			isa = XCBuildConfiguration;
			baseConfigurationReference = 97E03F2F1E85DF4CA15707EA /* Pods-Todo.release.xcconfig */;
			buildSettings = {
				ASSETCATALOG_COMPILER_APPICON_NAME = AppIcon;
				ASSETCATALOG_COMPILER_GLOBAL_ACCENT_COLOR_NAME = AccentColor;
				CODE_SIGN_STYLE = Automatic;
				DEVELOPMENT_TEAM = 4225JQURU5;
				INFOPLIST_FILE = Todo/Info.plist;
				LD_RUNPATH_SEARCH_PATHS = (
					"$(inherited)",
					"@executable_path/Frameworks",
				);
				PRODUCT_BUNDLE_IDENTIFIER = kuwahara.Todo;
				PRODUCT_NAME = "$(TARGET_NAME)";
				SWIFT_VERSION = 5.0;
				TARGETED_DEVICE_FAMILY = 1;
			};
			name = Release;
		};
		9444EFD525D3D128005E32BE /* Debug */ = {
			isa = XCBuildConfiguration;
			baseConfigurationReference = 46ADEEEDC5E8F575770662B2 /* Pods-TodoTests.debug.xcconfig */;
			buildSettings = {
				ALWAYS_EMBED_SWIFT_STANDARD_LIBRARIES = YES;
				BUNDLE_LOADER = "$(TEST_HOST)";
				CODE_SIGN_STYLE = Automatic;
				DEVELOPMENT_TEAM = 4225JQURU5;
				INFOPLIST_FILE = TodoTests/Info.plist;
				IPHONEOS_DEPLOYMENT_TARGET = 14.4;
				LD_RUNPATH_SEARCH_PATHS = (
					"$(inherited)",
					"@executable_path/Frameworks",
					"@loader_path/Frameworks",
				);
				PRODUCT_BUNDLE_IDENTIFIER = kuwahara.TodoTests;
				PRODUCT_NAME = "$(TARGET_NAME)";
				SWIFT_VERSION = 5.0;
				TARGETED_DEVICE_FAMILY = "1,2";
				TEST_HOST = "$(BUILT_PRODUCTS_DIR)/Todo.app/Todo";
			};
			name = Debug;
		};
		9444EFD625D3D128005E32BE /* Release */ = {
			isa = XCBuildConfiguration;
			baseConfigurationReference = 67176C294334F6619356E439 /* Pods-TodoTests.release.xcconfig */;
			buildSettings = {
				ALWAYS_EMBED_SWIFT_STANDARD_LIBRARIES = YES;
				BUNDLE_LOADER = "$(TEST_HOST)";
				CODE_SIGN_STYLE = Automatic;
				DEVELOPMENT_TEAM = 4225JQURU5;
				INFOPLIST_FILE = TodoTests/Info.plist;
				IPHONEOS_DEPLOYMENT_TARGET = 14.4;
				LD_RUNPATH_SEARCH_PATHS = (
					"$(inherited)",
					"@executable_path/Frameworks",
					"@loader_path/Frameworks",
				);
				PRODUCT_BUNDLE_IDENTIFIER = kuwahara.TodoTests;
				PRODUCT_NAME = "$(TARGET_NAME)";
				SWIFT_VERSION = 5.0;
				TARGETED_DEVICE_FAMILY = "1,2";
				TEST_HOST = "$(BUILT_PRODUCTS_DIR)/Todo.app/Todo";
			};
			name = Release;
		};
		9444EFD825D3D128005E32BE /* Debug */ = {
			isa = XCBuildConfiguration;
			baseConfigurationReference = 8C2FB5EB25548E67AC6CDC98 /* Pods-Todo-TodoUITests.debug.xcconfig */;
			buildSettings = {
				ALWAYS_EMBED_SWIFT_STANDARD_LIBRARIES = YES;
				CODE_SIGN_STYLE = Automatic;
				DEVELOPMENT_TEAM = 4225JQURU5;
				INFOPLIST_FILE = TodoUITests/Info.plist;
				LD_RUNPATH_SEARCH_PATHS = (
					"$(inherited)",
					"@executable_path/Frameworks",
					"@loader_path/Frameworks",
				);
				PRODUCT_BUNDLE_IDENTIFIER = kuwahara.TodoUITests;
				PRODUCT_NAME = "$(TARGET_NAME)";
				SWIFT_VERSION = 5.0;
				TARGETED_DEVICE_FAMILY = "1,2";
				TEST_TARGET_NAME = Todo;
			};
			name = Debug;
		};
		9444EFD925D3D128005E32BE /* Release */ = {
			isa = XCBuildConfiguration;
			baseConfigurationReference = BD6BB526FDDA19E48721F7BD /* Pods-Todo-TodoUITests.release.xcconfig */;
			buildSettings = {
				ALWAYS_EMBED_SWIFT_STANDARD_LIBRARIES = YES;
				CODE_SIGN_STYLE = Automatic;
				DEVELOPMENT_TEAM = 4225JQURU5;
				INFOPLIST_FILE = TodoUITests/Info.plist;
				LD_RUNPATH_SEARCH_PATHS = (
					"$(inherited)",
					"@executable_path/Frameworks",
					"@loader_path/Frameworks",
				);
				PRODUCT_BUNDLE_IDENTIFIER = kuwahara.TodoUITests;
				PRODUCT_NAME = "$(TARGET_NAME)";
				SWIFT_VERSION = 5.0;
				TARGETED_DEVICE_FAMILY = "1,2";
				TEST_TARGET_NAME = Todo;
			};
			name = Release;
		};
/* End XCBuildConfiguration section */

/* Begin XCConfigurationList section */
		9444EFA225D3D124005E32BE /* Build configuration list for PBXProject "Todo" */ = {
			isa = XCConfigurationList;
			buildConfigurations = (
				9444EFCF25D3D128005E32BE /* Debug */,
				9444EFD025D3D128005E32BE /* Release */,
			);
			defaultConfigurationIsVisible = 0;
			defaultConfigurationName = Release;
		};
		9444EFD125D3D128005E32BE /* Build configuration list for PBXNativeTarget "Todo" */ = {
			isa = XCConfigurationList;
			buildConfigurations = (
				9444EFD225D3D128005E32BE /* Debug */,
				9444EFD325D3D128005E32BE /* Release */,
			);
			defaultConfigurationIsVisible = 0;
			defaultConfigurationName = Release;
		};
		9444EFD425D3D128005E32BE /* Build configuration list for PBXNativeTarget "TodoTests" */ = {
			isa = XCConfigurationList;
			buildConfigurations = (
				9444EFD525D3D128005E32BE /* Debug */,
				9444EFD625D3D128005E32BE /* Release */,
			);
			defaultConfigurationIsVisible = 0;
			defaultConfigurationName = Release;
		};
		9444EFD725D3D128005E32BE /* Build configuration list for PBXNativeTarget "TodoUITests" */ = {
			isa = XCConfigurationList;
			buildConfigurations = (
				9444EFD825D3D128005E32BE /* Debug */,
				9444EFD925D3D128005E32BE /* Release */,
			);
			defaultConfigurationIsVisible = 0;
			defaultConfigurationName = Release;
		};
/* End XCConfigurationList section */
	};
	rootObject = 9444EF9F25D3D124005E32BE /* Project object */;
}
